
Microsoft Visual Studio Solution File, Format Version 12.00
# Visual Studio Version 16
VisualStudioVersion = 16.0.31424.327
MinimumVisualStudioVersion = 10.0.40219.1
Project("{FAE04EC0-301F-11D3-BF4B-00C04F79EFBC}") = "Cinema", "Cinema\Cinema.csproj", "{5A4E7C95-FE87-4D98-9315-B1761D92B310}"
EndProject
Global
	GlobalSection(SolutionConfigurationPlatforms) = preSolution
		Debug|Any CPU = Debug|Any CPU
		Release|Any CPU = Release|Any CPU
	EndGlobalSection
	GlobalSection(ProjectConfigurationPlatforms) = postSolution
		{5A4E7C95-FE87-4D98-9315-B1761D92B310}.Debug|Any CPU.ActiveCfg = Debug|Any CPU
		{5A4E7C95-FE87-4D98-9315-B1761D92B310}.Debug|Any CPU.Build.0 = Debug|Any CPU
		{5A4E7C95-FE87-4D98-9315-B1761D92B310}.Release|Any CPU.ActiveCfg = Release|Any CPU
		{5A4E7C95-FE87-4D98-9315-B1761D92B310}.Release|Any CPU.Build.0 = Release|Any CPU
	EndGlobalSection
	GlobalSection(SolutionProperties) = preSolution
		HideSolutionNode = FALSE
	EndGlobalSection
	GlobalSection(ExtensibilityGlobals) = postSolution
		SolutionGuid = {B8B0AB19-C764-4B93-ACEC-C609932C69B5}
	EndGlobalSection
EndGlobal
